
Microsoft Visual Studio Solution File, Format Version 12.00
# Visual Studio Version 17
VisualStudioVersion = 17.7.34202.233
MinimumVisualStudioVersion = 10.0.40219.1
Project("{9A19103F-16F7-4668-BE54-9A1E7A4F7556}") = "Eyeglasses_VuNhatHao", "Eyeglasses_VuNhatHao\Eyeglasses_VuNhatHao.csproj", "{BA8F58AF-D015-4EA4-B07F-33A26523DBA9}"
EndProject
Project("{9A19103F-16F7-4668-BE54-9A1E7A4F7556}") = "Repository", "Repository\Repository.csproj", "{4401176E-E479-4918-930A-D967740C7638}"
EndProject
Global
	GlobalSection(SolutionConfigurationPlatforms) = preSolution
		Debug|Any CPU = Debug|Any CPU
		Release|Any CPU = Release|Any CPU
	EndGlobalSection
	GlobalSection(ProjectConfigurationPlatforms) = postSolution
		{BA8F58AF-D015-4EA4-B07F-33A26523DBA9}.Debug|Any CPU.ActiveCfg = Debug|Any CPU
		{BA8F58AF-D015-4EA4-B07F-33A26523DBA9}.Debug|Any CPU.Build.0 = Debug|Any CPU
		{BA8F58AF-D015-4EA4-B07F-33A26523DBA9}.Release|Any CPU.ActiveCfg = Release|Any CPU
		{BA8F58AF-D015-4EA4-B07F-33A26523DBA9}.Release|Any CPU.Build.0 = Release|Any CPU
		{4401176E-E479-4918-930A-D967740C7638}.Debug|Any CPU.ActiveCfg = Debug|Any CPU
		{4401176E-E479-4918-930A-D967740C7638}.Debug|Any CPU.Build.0 = Debug|Any CPU
		{4401176E-E479-4918-930A-D967740C7638}.Release|Any CPU.ActiveCfg = Release|Any CPU
		{4401176E-E479-4918-930A-D967740C7638}.Release|Any CPU.Build.0 = Release|Any CPU
	EndGlobalSection
	GlobalSection(SolutionProperties) = preSolution
		HideSolutionNode = FALSE
	EndGlobalSection
	GlobalSection(ExtensibilityGlobals) = postSolution
		SolutionGuid = {18070AEA-2D6F-4146-ADFE-B8CA95DE519C}
	EndGlobalSection
EndGlobal
